
Microsoft Visual Studio Solution File, Format Version 12.00
# Visual Studio Version 17
VisualStudioVersion = 17.0.31903.59
MinimumVisualStudioVersion = 10.0.40219.1
Project("{2150E333-8FDC-42A3-9474-1A3956D46DE8}") = "src", "src", "{132BC4DC-1094-4378-9C5C-33C37733375A}"
EndProject
Project("{FAE04EC0-301F-11D3-BF4B-00C04F79EFBC}") = "TaskListMcp.Server", "src\TaskListMcp.Server\TaskListMcp.Server.csproj", "{FC4AFA50-81D6-45DC-8ADA-F943AF9D79C5}"
EndProject
Project("{FAE04EC0-301F-11D3-BF4B-00C04F79EFBC}") = "TaskListMcp.Models", "src\TaskListMcp.Models\TaskListMcp.Models.csproj", "{8DA3717A-C2B7-4C4D-AF5A-D08D756430B1}"
EndProject
Project("{FAE04EC0-301F-11D3-BF4B-00C04F79EFBC}") = "TaskListMcp.Data", "src\TaskListMcp.Data\TaskListMcp.Data.csproj", "{79E78BB6-D6D8-44C8-9592-D58794CE9B0A}"
EndProject
Project("{FAE04EC0-301F-11D3-BF4B-00C04F79EFBC}") = "TaskListMcp.Core", "src\TaskListMcp.Core\TaskListMcp.Core.csproj", "{1B6C261A-D856-4B60-830A-8AD5BDCBCAB0}"
EndProject
Project("{2150E333-8FDC-42A3-9474-1A3956D46DE8}") = "tests", "tests", "{C86A3555-4D42-43B1-B993-05DE7533855A}"
EndProject
Project("{FAE04EC0-301F-11D3-BF4B-00C04F79EFBC}") = "TaskListMcp.Tests.Unit", "tests\TaskListMcp.Tests.Unit\TaskListMcp.Tests.Unit.csproj", "{46010547-706D-44AD-BB03-6665A40B2A41}"
EndProject
Project("{FAE04EC0-301F-11D3-BF4B-00C04F79EFBC}") = "TaskListMcp.Tests.Integration", "tests\TaskListMcp.Tests.Integration\TaskListMcp.Tests.Integration.csproj", "{AE57F45D-2E13-4151-AF2E-3413A1407CA3}"
EndProject
Project("{FAE04EC0-301F-11D3-BF4B-00C04F79EFBC}") = "TaskListMcp.Tests.Performance", "tests\TaskListMcp.Tests.Performance\TaskListMcp.Tests.Performance.csproj", "{05F20BCC-35C3-4F78-AF6B-C1C4295C70AD}"
EndProject
Project("{FAE04EC0-301F-11D3-BF4B-00C04F79EFBC}") = "TaskListMcp.Tests.Docker", "tests\TaskListMcp.Tests.Docker\TaskListMcp.Tests.Docker.csproj", "{DD00F29F-5D3C-4831-80ED-31400343541B}"
EndProject
Global
	GlobalSection(SolutionConfigurationPlatforms) = preSolution
		Debug|Any CPU = Debug|Any CPU
		Release|Any CPU = Release|Any CPU
	EndGlobalSection
	GlobalSection(SolutionProperties) = preSolution
		HideSolutionNode = FALSE
	EndGlobalSection
	GlobalSection(ProjectConfigurationPlatforms) = postSolution
		{FC4AFA50-81D6-45DC-8ADA-F943AF9D79C5}.Debug|Any CPU.ActiveCfg = Debug|Any CPU
		{FC4AFA50-81D6-45DC-8ADA-F943AF9D79C5}.Debug|Any CPU.Build.0 = Debug|Any CPU
		{FC4AFA50-81D6-45DC-8ADA-F943AF9D79C5}.Release|Any CPU.ActiveCfg = Release|Any CPU
		{FC4AFA50-81D6-45DC-8ADA-F943AF9D79C5}.Release|Any CPU.Build.0 = Release|Any CPU
		{8DA3717A-C2B7-4C4D-AF5A-D08D756430B1}.Debug|Any CPU.ActiveCfg = Debug|Any CPU
		{8DA3717A-C2B7-4C4D-AF5A-D08D756430B1}.Debug|Any CPU.Build.0 = Debug|Any CPU
		{8DA3717A-C2B7-4C4D-AF5A-D08D756430B1}.Release|Any CPU.ActiveCfg = Release|Any CPU
		{8DA3717A-C2B7-4C4D-AF5A-D08D756430B1}.Release|Any CPU.Build.0 = Release|Any CPU
		{79E78BB6-D6D8-44C8-9592-D58794CE9B0A}.Debug|Any CPU.ActiveCfg = Debug|Any CPU
		{79E78BB6-D6D8-44C8-9592-D58794CE9B0A}.Debug|Any CPU.Build.0 = Debug|Any CPU
		{79E78BB6-D6D8-44C8-9592-D58794CE9B0A}.Release|Any CPU.ActiveCfg = Release|Any CPU
		{79E78BB6-D6D8-44C8-9592-D58794CE9B0A}.Release|Any CPU.Build.0 = Release|Any CPU
		{1B6C261A-D856-4B60-830A-8AD5BDCBCAB0}.Debug|Any CPU.ActiveCfg = Debug|Any CPU
		{1B6C261A-D856-4B60-830A-8AD5BDCBCAB0}.Debug|Any CPU.Build.0 = Debug|Any CPU
		{1B6C261A-D856-4B60-830A-8AD5BDCBCAB0}.Release|Any CPU.ActiveCfg = Release|Any CPU
		{1B6C261A-D856-4B60-830A-8AD5BDCBCAB0}.Release|Any CPU.Build.0 = Release|Any CPU
		{46010547-706D-44AD-BB03-6665A40B2A41}.Debug|Any CPU.ActiveCfg = Debug|Any CPU
		{46010547-706D-44AD-BB03-6665A40B2A41}.Debug|Any CPU.Build.0 = Debug|Any CPU
		{46010547-706D-44AD-BB03-6665A40B2A41}.Release|Any CPU.ActiveCfg = Release|Any CPU
		{46010547-706D-44AD-BB03-6665A40B2A41}.Release|Any CPU.Build.0 = Release|Any CPU
		{AE57F45D-2E13-4151-AF2E-3413A1407CA3}.Debug|Any CPU.ActiveCfg = Debug|Any CPU
		{AE57F45D-2E13-4151-AF2E-3413A1407CA3}.Debug|Any CPU.Build.0 = Debug|Any CPU
		{AE57F45D-2E13-4151-AF2E-3413A1407CA3}.Release|Any CPU.ActiveCfg = Release|Any CPU
		{AE57F45D-2E13-4151-AF2E-3413A1407CA3}.Release|Any CPU.Build.0 = Release|Any CPU
		{05F20BCC-35C3-4F78-AF6B-C1C4295C70AD}.Debug|Any CPU.ActiveCfg = Debug|Any CPU
		{05F20BCC-35C3-4F78-AF6B-C1C4295C70AD}.Debug|Any CPU.Build.0 = Debug|Any CPU
		{05F20BCC-35C3-4F78-AF6B-C1C4295C70AD}.Release|Any CPU.ActiveCfg = Release|Any CPU
		{05F20BCC-35C3-4F78-AF6B-C1C4295C70AD}.Release|Any CPU.Build.0 = Release|Any CPU
		{DD00F29F-5D3C-4831-80ED-31400343541B}.Debug|Any CPU.ActiveCfg = Debug|Any CPU
		{DD00F29F-5D3C-4831-80ED-31400343541B}.Debug|Any CPU.Build.0 = Debug|Any CPU
		{DD00F29F-5D3C-4831-80ED-31400343541B}.Release|Any CPU.ActiveCfg = Release|Any CPU
		{DD00F29F-5D3C-4831-80ED-31400343541B}.Release|Any CPU.Build.0 = Release|Any CPU
	EndGlobalSection
	GlobalSection(NestedProjects) = preSolution
		{FC4AFA50-81D6-45DC-8ADA-F943AF9D79C5} = {132BC4DC-1094-4378-9C5C-33C37733375A}
		{8DA3717A-C2B7-4C4D-AF5A-D08D756430B1} = {132BC4DC-1094-4378-9C5C-33C37733375A}
		{79E78BB6-D6D8-44C8-9592-D58794CE9B0A} = {132BC4DC-1094-4378-9C5C-33C37733375A}
		{1B6C261A-D856-4B60-830A-8AD5BDCBCAB0} = {132BC4DC-1094-4378-9C5C-33C37733375A}
		{46010547-706D-44AD-BB03-6665A40B2A41} = {C86A3555-4D42-43B1-B993-05DE7533855A}
		{AE57F45D-2E13-4151-AF2E-3413A1407CA3} = {C86A3555-4D42-43B1-B993-05DE7533855A}
		{05F20BCC-35C3-4F78-AF6B-C1C4295C70AD} = {C86A3555-4D42-43B1-B993-05DE7533855A}
		{DD00F29F-5D3C-4831-80ED-31400343541B} = {C86A3555-4D42-43B1-B993-05DE7533855A}
	EndGlobalSection
EndGlobal
